# This file is automatically @generated by Cargo.
# It is not intended for manual editing.
version = 3

[[package]]
name = "cooling-fixture"
version = "0.1.0"
dependencies = [
 "3leaps-internal",
 "estate-helper",
 "serde",
 "young-crate",
]

[[package]]
name = "young-crate"
version = "0.1.0"
source = "registry+https://github.com/rust-lang/crates.io-index"
checksum = "aaaaaaaaaaaaaaaaaaaaaaaaaaaaaaaaaaaaaaaaaaaaaaaaaaaaaaaaaaaaaaaa"

[[package]]
name = "estate-helper"
version = "0.2.0"
source = "registry+https://github.com/rust-lang/crates.io-index"
checksum = "bbbbbbbbbbbbbbbbbbbbbbbbbbbbbbbbbbbbbbbbbbbbbbbbbbbbbbbbbbbbbbbb"

[[package]]
name = "serde"
version = "1.0.195"
source = "registry+https://github.com/rust-lang/crates.io-index"
checksum = "cccccccccccccccccccccccccccccccccccccccccccccccccccccccccccccccc"

[[package]]
name = "3leaps-internal"
version = "0.1.0"
source = "registry+https://github.com/rust-lang/crates.io-index"
checksum = "dddddddddddddddddddddddddddddddddddddddddddddddddddddddddddddddd"

[[package]]
name = "git-only-dep"
version = "0.3.0"
source = "git+https://github.com/example/git-only-dep#aaaaaaaaaaaaaaaaaaaaaaaaaaaaaaaaaaaaaaaa"
